
Microsoft Visual Studio Solution File, Format Version 12.00
# Visual Studio 14
VisualStudioVersion = 14.0.25420.1
MinimumVisualStudioVersion = 10.0.40219.1
Project("{FAE04EC0-301F-11D3-BF4B-00C04F79EFBC}") = "Lexn.Lexis", "Lexn.Lexis\Lexn.Lexis.csproj", "{5E410F34-5787-4344-87E1-769D10F76B6D}"
EndProject
Project("{FAE04EC0-301F-11D3-BF4B-00C04F79EFBC}") = "Lexn.Common", "Lexn.Common\Lexn.Common.csproj", "{2FC9F62A-AB38-4B19-8C84-F1DCCB80C1E3}"
EndProject
Project("{FAE04EC0-301F-11D3-BF4B-00C04F79EFBC}") = "Lexn.UI", "Lexn.UI\Lexn.UI.csproj", "{06593DDD-E26E-455E-9F07-2288F843F341}"
EndProject
Project("{FAE04EC0-301F-11D3-BF4B-00C04F79EFBC}") = "Lexn.Syntax", "Lexn.Syntax\Lexn.Syntax.csproj", "{D4BAE40B-53A3-4F8B-9F6A-76C498358F62}"
EndProject
Global
	GlobalSection(SolutionConfigurationPlatforms) = preSolution
		Debug|Any CPU = Debug|Any CPU
		Release|Any CPU = Release|Any CPU
	EndGlobalSection
	GlobalSection(ProjectConfigurationPlatforms) = postSolution
		{5E410F34-5787-4344-87E1-769D10F76B6D}.Debug|Any CPU.ActiveCfg = Debug|Any CPU
		{5E410F34-5787-4344-87E1-769D10F76B6D}.Debug|Any CPU.Build.0 = Debug|Any CPU
		{5E410F34-5787-4344-87E1-769D10F76B6D}.Release|Any CPU.ActiveCfg = Release|Any CPU
		{5E410F34-5787-4344-87E1-769D10F76B6D}.Release|Any CPU.Build.0 = Release|Any CPU
		{2FC9F62A-AB38-4B19-8C84-F1DCCB80C1E3}.Debug|Any CPU.ActiveCfg = Debug|Any CPU
		{2FC9F62A-AB38-4B19-8C84-F1DCCB80C1E3}.Debug|Any CPU.Build.0 = Debug|Any CPU
		{2FC9F62A-AB38-4B19-8C84-F1DCCB80C1E3}.Release|Any CPU.ActiveCfg = Release|Any CPU
		{2FC9F62A-AB38-4B19-8C84-F1DCCB80C1E3}.Release|Any CPU.Build.0 = Release|Any CPU
		{06593DDD-E26E-455E-9F07-2288F843F341}.Debug|Any CPU.ActiveCfg = Debug|Any CPU
		{06593DDD-E26E-455E-9F07-2288F843F341}.Debug|Any CPU.Build.0 = Debug|Any CPU
		{06593DDD-E26E-455E-9F07-2288F843F341}.Release|Any CPU.ActiveCfg = Release|Any CPU
		{06593DDD-E26E-455E-9F07-2288F843F341}.Release|Any CPU.Build.0 = Release|Any CPU
		{D4BAE40B-53A3-4F8B-9F6A-76C498358F62}.Debug|Any CPU.ActiveCfg = Debug|Any CPU
		{D4BAE40B-53A3-4F8B-9F6A-76C498358F62}.Debug|Any CPU.Build.0 = Debug|Any CPU
		{D4BAE40B-53A3-4F8B-9F6A-76C498358F62}.Release|Any CPU.ActiveCfg = Release|Any CPU
		{D4BAE40B-53A3-4F8B-9F6A-76C498358F62}.Release|Any CPU.Build.0 = Release|Any CPU
	EndGlobalSection
	GlobalSection(SolutionProperties) = preSolution
		HideSolutionNode = FALSE
	EndGlobalSection
EndGlobal
